
Microsoft Visual Studio Solution File, Format Version 12.00
# Visual Studio Version 17
VisualStudioVersion = 17.8.34601.278
MinimumVisualStudioVersion = 10.0.40219.1
Project("{FAE04EC0-301F-11D3-BF4B-00C04F79EFBC}") = "Ford-Falkerson", "Ford-Falkerson\Ford-Falkerson.csproj", "{D9AFA682-A9C9-4CE1-A964-70D0D574DB47}"
EndProject
Global
	GlobalSection(SolutionConfigurationPlatforms) = preSolution
		Debug|Any CPU = Debug|Any CPU
		Release|Any CPU = Release|Any CPU
	EndGlobalSection
	GlobalSection(ProjectConfigurationPlatforms) = postSolution
		{D9AFA682-A9C9-4CE1-A964-70D0D574DB47}.Debug|Any CPU.ActiveCfg = Debug|Any CPU
		{D9AFA682-A9C9-4CE1-A964-70D0D574DB47}.Debug|Any CPU.Build.0 = Debug|Any CPU
		{D9AFA682-A9C9-4CE1-A964-70D0D574DB47}.Release|Any CPU.ActiveCfg = Release|Any CPU
		{D9AFA682-A9C9-4CE1-A964-70D0D574DB47}.Release|Any CPU.Build.0 = Release|Any CPU
	EndGlobalSection
	GlobalSection(SolutionProperties) = preSolution
		HideSolutionNode = FALSE
	EndGlobalSection
	GlobalSection(ExtensibilityGlobals) = postSolution
		SolutionGuid = {2961CA9D-9162-4634-BB34-393139A7576A}
	EndGlobalSection
EndGlobal
